
Microsoft Visual Studio Solution File, Format Version 12.00
# Visual Studio Version 17
VisualStudioVersion = 17.9.34728.123
MinimumVisualStudioVersion = 10.0.40219.1
Project("{FAE04EC0-301F-11D3-BF4B-00C04F79EFBC}") = "App.Android", "App.Android\App.Android.csproj", "{78851318-0B20-4DD4-8C01-130F743AA524}"
EndProject
Project("{FAE04EC0-301F-11D3-BF4B-00C04F79EFBC}") = "App", "App\App.csproj", "{A2BDAC67-9D47-4C24-9623-261FA87AE76F}"
EndProject
Global
	GlobalSection(SolutionConfigurationPlatforms) = preSolution
		Debug|Any CPU = Debug|Any CPU
		Release|Any CPU = Release|Any CPU
	EndGlobalSection
	GlobalSection(ProjectConfigurationPlatforms) = postSolution
		{78851318-0B20-4DD4-8C01-130F743AA524}.Debug|Any CPU.ActiveCfg = Debug|Any CPU
		{78851318-0B20-4DD4-8C01-130F743AA524}.Debug|Any CPU.Build.0 = Debug|Any CPU
		{78851318-0B20-4DD4-8C01-130F743AA524}.Debug|Any CPU.Deploy.0 = Debug|Any CPU
		{78851318-0B20-4DD4-8C01-130F743AA524}.Release|Any CPU.ActiveCfg = Release|Any CPU
		{78851318-0B20-4DD4-8C01-130F743AA524}.Release|Any CPU.Build.0 = Release|Any CPU
		{78851318-0B20-4DD4-8C01-130F743AA524}.Release|Any CPU.Deploy.0 = Release|Any CPU
		{A2BDAC67-9D47-4C24-9623-261FA87AE76F}.Debug|Any CPU.ActiveCfg = Debug|Any CPU
		{A2BDAC67-9D47-4C24-9623-261FA87AE76F}.Debug|Any CPU.Build.0 = Debug|Any CPU
		{A2BDAC67-9D47-4C24-9623-261FA87AE76F}.Debug|Any CPU.Deploy.0 = Debug|Any CPU
		{A2BDAC67-9D47-4C24-9623-261FA87AE76F}.Release|Any CPU.ActiveCfg = Release|Any CPU
		{A2BDAC67-9D47-4C24-9623-261FA87AE76F}.Release|Any CPU.Build.0 = Release|Any CPU
		{A2BDAC67-9D47-4C24-9623-261FA87AE76F}.Release|Any CPU.Deploy.0 = Release|Any CPU
	EndGlobalSection
	GlobalSection(SolutionProperties) = preSolution
		HideSolutionNode = FALSE
	EndGlobalSection
	GlobalSection(ExtensibilityGlobals) = postSolution
		SolutionGuid = {857BA444-4211-4BB3-A1D1-1926FA1A6757}
	EndGlobalSection
EndGlobal
